// !$*UTF8*$!
{
	archiveVersion = 1;
	classes = {
	};
	objectVersion = 55;
	objects = {

/* Begin PBXBuildFile section */
		E39668CF2738C3A70070A4F9 /* Tests_iOS.swift in Sources */ = {isa = PBXBuildFile; fileRef = E39668CE2738C3A70070A4F9 /* Tests_iOS.swift */; };
		E39668D12738C3A70070A4F9 /* Tests_iOSLaunchTests.swift in Sources */ = {isa = PBXBuildFile; fileRef = E39668D02738C3A70070A4F9 /* Tests_iOSLaunchTests.swift */; };
		E39668DB2738C3A70070A4F9 /* Tests_macOS.swift in Sources */ = {isa = PBXBuildFile; fileRef = E39668DA2738C3A70070A4F9 /* Tests_macOS.swift */; };
		E39668DD2738C3A70070A4F9 /* Tests_macOSLaunchTests.swift in Sources */ = {isa = PBXBuildFile; fileRef = E39668DC2738C3A70070A4F9 /* Tests_macOSLaunchTests.swift */; };
		E39668DE2738C3A70070A4F9 /* blockchain_specificApp.swift in Sources */ = {isa = PBXBuildFile; fileRef = E39668B62738C3A50070A4F9 /* blockchain_specificApp.swift */; };
		E39668DF2738C3A70070A4F9 /* blockchain_specificApp.swift in Sources */ = {isa = PBXBuildFile; fileRef = E39668B62738C3A50070A4F9 /* blockchain_specificApp.swift */; };
		E39668E02738C3A70070A4F9 /* ContentView.swift in Sources */ = {isa = PBXBuildFile; fileRef = E39668B72738C3A50070A4F9 /* ContentView.swift */; };
		E39668E12738C3A70070A4F9 /* ContentView.swift in Sources */ = {isa = PBXBuildFile; fileRef = E39668B72738C3A50070A4F9 /* ContentView.swift */; };
		E39668E22738C3A70070A4F9 /* Assets.xcassets in Resources */ = {isa = PBXBuildFile; fileRef = E39668B82738C3A70070A4F9 /* Assets.xcassets */; };
		E39668E32738C3A70070A4F9 /* Assets.xcassets in Resources */ = {isa = PBXBuildFile; fileRef = E39668B82738C3A70070A4F9 /* Assets.xcassets */; };
/* End PBXBuildFile section */

/* Begin PBXContainerItemProxy section */
		E39668CB2738C3A70070A4F9 /* PBXContainerItemProxy */ = {
			isa = PBXContainerItemProxy;
			containerPortal = E39668B12738C3A50070A4F9 /* Project object */;
			proxyType = 1;
			remoteGlobalIDString = E39668BC2738C3A70070A4F9;
			remoteInfo = "blockchain-specific (iOS)";
		};
		E39668D72738C3A70070A4F9 /* PBXContainerItemProxy */ = {
			isa = PBXContainerItemProxy;
			containerPortal = E39668B12738C3A50070A4F9 /* Project object */;
			proxyType = 1;
			remoteGlobalIDString = E39668C22738C3A70070A4F9;
			remoteInfo = "blockchain-specific (macOS)";
		};
/* End PBXContainerItemProxy section */

/* Begin PBXFileReference section */
		E39668B62738C3A50070A4F9 /* blockchain_specificApp.swift */ = {isa = PBXFileReference; lastKnownFileType = sourcecode.swift; path = blockchain_specificApp.swift; sourceTree = "<group>"; };
		E39668B72738C3A50070A4F9 /* ContentView.swift */ = {isa = PBXFileReference; lastKnownFileType = sourcecode.swift; path = ContentView.swift; sourceTree = "<group>"; };
		E39668B82738C3A70070A4F9 /* Assets.xcassets */ = {isa = PBXFileReference; lastKnownFileType = folder.assetcatalog; path = Assets.xcassets; sourceTree = "<group>"; };
		E39668BD2738C3A70070A4F9 /* blockchain-specific.app */ = {isa = PBXFileReference; explicitFileType = wrapper.application; includeInIndex = 0; path = "blockchain-specific.app"; sourceTree = BUILT_PRODUCTS_DIR; };
		E39668C32738C3A70070A4F9 /* blockchain-specific.app */ = {isa = PBXFileReference; explicitFileType = wrapper.application; includeInIndex = 0; path = "blockchain-specific.app"; sourceTree = BUILT_PRODUCTS_DIR; };
		E39668C52738C3A70070A4F9 /* macOS.entitlements */ = {isa = PBXFileReference; lastKnownFileType = text.plist.entitlements; path = macOS.entitlements; sourceTree = "<group>"; };
		E39668CA2738C3A70070A4F9 /* Tests iOS.xctest */ = {isa = PBXFileReference; explicitFileType = wrapper.cfbundle; includeInIndex = 0; path = "Tests iOS.xctest"; sourceTree = BUILT_PRODUCTS_DIR; };
		E39668CE2738C3A70070A4F9 /* Tests_iOS.swift */ = {isa = PBXFileReference; lastKnownFileType = sourcecode.swift; path = Tests_iOS.swift; sourceTree = "<group>"; };
		E39668D02738C3A70070A4F9 /* Tests_iOSLaunchTests.swift */ = {isa = PBXFileReference; lastKnownFileType = sourcecode.swift; path = Tests_iOSLaunchTests.swift; sourceTree = "<group>"; };
		E39668D62738C3A70070A4F9 /* Tests macOS.xctest */ = {isa = PBXFileReference; explicitFileType = wrapper.cfbundle; includeInIndex = 0; path = "Tests macOS.xctest"; sourceTree = BUILT_PRODUCTS_DIR; };
		E39668DA2738C3A70070A4F9 /* Tests_macOS.swift */ = {isa = PBXFileReference; lastKnownFileType = sourcecode.swift; path = Tests_macOS.swift; sourceTree = "<group>"; };
		E39668DC2738C3A70070A4F9 /* Tests_macOSLaunchTests.swift */ = {isa = PBXFileReference; lastKnownFileType = sourcecode.swift; path = Tests_macOSLaunchTests.swift; sourceTree = "<group>"; };
/* End PBXFileReference section */

/* Begin PBXFrameworksBuildPhase section */
		E39668BA2738C3A70070A4F9 /* Frameworks */ = {
			isa = PBXFrameworksBuildPhase;
			buildActionMask = 2147483647;
			files = (
			);
			runOnlyForDeploymentPostprocessing = 0;
		};
		E39668C02738C3A70070A4F9 /* Frameworks */ = {
			isa = PBXFrameworksBuildPhase;
			buildActionMask = 2147483647;
			files = (
			);
			runOnlyForDeploymentPostprocessing = 0;
		};
		E39668C72738C3A70070A4F9 /* Frameworks */ = {
			isa = PBXFrameworksBuildPhase;
			buildActionMask = 2147483647;
			files = (
			);
			runOnlyForDeploymentPostprocessing = 0;
		};
		E39668D32738C3A70070A4F9 /* Frameworks */ = {
			isa = PBXFrameworksBuildPhase;
			buildActionMask = 2147483647;
			files = (
			);
			runOnlyForDeploymentPostprocessing = 0;
		};
/* End PBXFrameworksBuildPhase section */

/* Begin PBXGroup section */
		E39668B02738C3A50070A4F9 = {
			isa = PBXGroup;
			children = (
				E39668B52738C3A50070A4F9 /* Shared */,
				E39668C42738C3A70070A4F9 /* macOS */,
				E39668CD2738C3A70070A4F9 /* Tests iOS */,
				E39668D92738C3A70070A4F9 /* Tests macOS */,
				E39668BE2738C3A70070A4F9 /* Products */,
			);
			sourceTree = "<group>";
		};
		E39668B52738C3A50070A4F9 /* Shared */ = {
			isa = PBXGroup;
			children = (
				E39668B62738C3A50070A4F9 /* blockchain_specificApp.swift */,
				E39668B72738C3A50070A4F9 /* ContentView.swift */,
				E39668B82738C3A70070A4F9 /* Assets.xcassets */,
			);
			path = Shared;
			sourceTree = "<group>";
		};
		E39668BE2738C3A70070A4F9 /* Products */ = {
			isa = PBXGroup;
			children = (
				E39668BD2738C3A70070A4F9 /* blockchain-specific.app */,
				E39668C32738C3A70070A4F9 /* blockchain-specific.app */,
				E39668CA2738C3A70070A4F9 /* Tests iOS.xctest */,
				E39668D62738C3A70070A4F9 /* Tests macOS.xctest */,
			);
			name = Products;
			sourceTree = "<group>";
		};
		E39668C42738C3A70070A4F9 /* macOS */ = {
			isa = PBXGroup;
			children = (
				E39668C52738C3A70070A4F9 /* macOS.entitlements */,
			);
			path = macOS;
			sourceTree = "<group>";
		};
		E39668CD2738C3A70070A4F9 /* Tests iOS */ = {
			isa = PBXGroup;
			children = (
				E39668CE2738C3A70070A4F9 /* Tests_iOS.swift */,
				E39668D02738C3A70070A4F9 /* Tests_iOSLaunchTests.swift */,
			);
			path = "Tests iOS";
			sourceTree = "<group>";
		};
		E39668D92738C3A70070A4F9 /* Tests macOS */ = {
			isa = PBXGroup;
			children = (
				E39668DA2738C3A70070A4F9 /* Tests_macOS.swift */,
				E39668DC2738C3A70070A4F9 /* Tests_macOSLaunchTests.swift */,
			);
			path = "Tests macOS";
			sourceTree = "<group>";
		};
/* End PBXGroup section */

/* Begin PBXNativeTarget section */
		E39668BC2738C3A70070A4F9 /* blockchain-specific (iOS) */ = {
			isa = PBXNativeTarget;
			buildConfigurationList = E39668E62738C3A70070A4F9 /* Build configuration list for PBXNativeTarget "blockchain-specific (iOS)" */;
			buildPhases = (
				E39668B92738C3A70070A4F9 /* Sources */,
				E39668BA2738C3A70070A4F9 /* Frameworks */,
				E39668BB2738C3A70070A4F9 /* Resources */,
			);
			buildRules = (
			);
			dependencies = (
			);
			name = "blockchain-specific (iOS)";
			productName = "blockchain-specific (iOS)";
			productReference = E39668BD2738C3A70070A4F9 /* blockchain-specific.app */;
			productType = "com.apple.product-type.application";
		};
		E39668C22738C3A70070A4F9 /* blockchain-specific (macOS) */ = {
			isa = PBXNativeTarget;
			buildConfigurationList = E39668E92738C3A70070A4F9 /* Build configuration list for PBXNativeTarget "blockchain-specific (macOS)" */;
			buildPhases = (
				E39668BF2738C3A70070A4F9 /* Sources */,
				E39668C02738C3A70070A4F9 /* Frameworks */,
				E39668C12738C3A70070A4F9 /* Resources */,
			);
			buildRules = (
			);
			dependencies = (
			);
			name = "blockchain-specific (macOS)";
			productName = "blockchain-specific (macOS)";
			productReference = E39668C32738C3A70070A4F9 /* blockchain-specific.app */;
			productType = "com.apple.product-type.application";
		};
		E39668C92738C3A70070A4F9 /* Tests iOS */ = {
			isa = PBXNativeTarget;
			buildConfigurationList = E39668EC2738C3A70070A4F9 /* Build configuration list for PBXNativeTarget "Tests iOS" */;
			buildPhases = (
				E39668C62738C3A70070A4F9 /* Sources */,
				E39668C72738C3A70070A4F9 /* Frameworks */,
				E39668C82738C3A70070A4F9 /* Resources */,
			);
			buildRules = (
			);
			dependencies = (
				E39668CC2738C3A70070A4F9 /* PBXTargetDependency */,
			);
			name = "Tests iOS";
			productName = "Tests iOS";
			productReference = E39668CA2738C3A70070A4F9 /* Tests iOS.xctest */;
			productType = "com.apple.product-type.bundle.ui-testing";
		};
		E39668D52738C3A70070A4F9 /* Tests macOS */ = {
			isa = PBXNativeTarget;
			buildConfigurationList = E39668EF2738C3A70070A4F9 /* Build configuration list for PBXNativeTarget "Tests macOS" */;
			buildPhases = (
				E39668D22738C3A70070A4F9 /* Sources */,
				E39668D32738C3A70070A4F9 /* Frameworks */,
				E39668D42738C3A70070A4F9 /* Resources */,
			);
			buildRules = (
			);
			dependencies = (
				E39668D82738C3A70070A4F9 /* PBXTargetDependency */,
			);
			name = "Tests macOS";
			productName = "Tests macOS";
			productReference = E39668D62738C3A70070A4F9 /* Tests macOS.xctest */;
			productType = "com.apple.product-type.bundle.ui-testing";
		};
/* End PBXNativeTarget section */

/* Begin PBXProject section */
		E39668B12738C3A50070A4F9 /* Project object */ = {
			isa = PBXProject;
			attributes = {
				BuildIndependentTargetsInParallel = 1;
				LastSwiftUpdateCheck = 1310;
				LastUpgradeCheck = 1310;
				TargetAttributes = {
					E39668BC2738C3A70070A4F9 = {
						CreatedOnToolsVersion = 13.1;
					};
					E39668C22738C3A70070A4F9 = {
						CreatedOnToolsVersion = 13.1;
					};
					E39668C92738C3A70070A4F9 = {
						CreatedOnToolsVersion = 13.1;
						TestTargetID = E39668BC2738C3A70070A4F9;
					};
					E39668D52738C3A70070A4F9 = {
						CreatedOnToolsVersion = 13.1;
						TestTargetID = E39668C22738C3A70070A4F9;
					};
				};
			};
			buildConfigurationList = E39668B42738C3A50070A4F9 /* Build configuration list for PBXProject "blockchain-specific" */;
			compatibilityVersion = "Xcode 13.0";
			developmentRegion = en;
			hasScannedForEncodings = 0;
			knownRegions = (
				en,
				Base,
			);
			mainGroup = E39668B02738C3A50070A4F9;
			productRefGroup = E39668BE2738C3A70070A4F9 /* Products */;
			projectDirPath = "";
			projectRoot = "";
			targets = (
				E39668BC2738C3A70070A4F9 /* blockchain-specific (iOS) */,
				E39668C22738C3A70070A4F9 /* blockchain-specific (macOS) */,
				E39668C92738C3A70070A4F9 /* Tests iOS */,
				E39668D52738C3A70070A4F9 /* Tests macOS */,
			);
		};
/* End PBXProject section */

/* Begin PBXResourcesBuildPhase section */
		E39668BB2738C3A70070A4F9 /* Resources */ = {
			isa = PBXResourcesBuildPhase;
			buildActionMask = 2147483647;
			files = (
				E39668E22738C3A70070A4F9 /* Assets.xcassets in Resources */,
			);
			runOnlyForDeploymentPostprocessing = 0;
		};
		E39668C12738C3A70070A4F9 /* Resources */ = {
			isa = PBXResourcesBuildPhase;
			buildActionMask = 2147483647;
			files = (
				E39668E32738C3A70070A4F9 /* Assets.xcassets in Resources */,
			);
			runOnlyForDeploymentPostprocessing = 0;
		};
		E39668C82738C3A70070A4F9 /* Resources */ = {
			isa = PBXResourcesBuildPhase;
			buildActionMask = 2147483647;
			files = (
			);
			runOnlyForDeploymentPostprocessing = 0;
		};
		E39668D42738C3A70070A4F9 /* Resources */ = {
			isa = PBXResourcesBuildPhase;
			buildActionMask = 2147483647;
			files = (
			);
			runOnlyForDeploymentPostprocessing = 0;
		};
/* End PBXResourcesBuildPhase section */

/* Begin PBXSourcesBuildPhase section */
		E39668B92738C3A70070A4F9 /* Sources */ = {
			isa = PBXSourcesBuildPhase;
			buildActionMask = 2147483647;
			files = (
				E39668E02738C3A70070A4F9 /* ContentView.swift in Sources */,
				E39668DE2738C3A70070A4F9 /* blockchain_specificApp.swift in Sources */,
			);
			runOnlyForDeploymentPostprocessing = 0;
		};
		E39668BF2738C3A70070A4F9 /* Sources */ = {
			isa = PBXSourcesBuildPhase;
			buildActionMask = 2147483647;
			files = (
				E39668E12738C3A70070A4F9 /* ContentView.swift in Sources */,
				E39668DF2738C3A70070A4F9 /* blockchain_specificApp.swift in Sources */,
			);
			runOnlyForDeploymentPostprocessing = 0;
		};
		E39668C62738C3A70070A4F9 /* Sources */ = {
			isa = PBXSourcesBuildPhase;
			buildActionMask = 2147483647;
			files = (
				E39668D12738C3A70070A4F9 /* Tests_iOSLaunchTests.swift in Sources */,
				E39668CF2738C3A70070A4F9 /* Tests_iOS.swift in Sources */,
			);
			runOnlyForDeploymentPostprocessing = 0;
		};
		E39668D22738C3A70070A4F9 /* Sources */ = {
			isa = PBXSourcesBuildPhase;
			buildActionMask = 2147483647;
			files = (
				E39668DD2738C3A70070A4F9 /* Tests_macOSLaunchTests.swift in Sources */,
				E39668DB2738C3A70070A4F9 /* Tests_macOS.swift in Sources */,
			);
			runOnlyForDeploymentPostprocessing = 0;
		};
/* End PBXSourcesBuildPhase section */

/* Begin PBXTargetDependency section */
		E39668CC2738C3A70070A4F9 /* PBXTargetDependency */ = {
			isa = PBXTargetDependency;
			target = E39668BC2738C3A70070A4F9 /* blockchain-specific (iOS) */;
			targetProxy = E39668CB2738C3A70070A4F9 /* PBXContainerItemProxy */;
		};
		E39668D82738C3A70070A4F9 /* PBXTargetDependency */ = {
			isa = PBXTargetDependency;
			target = E39668C22738C3A70070A4F9 /* blockchain-specific (macOS) */;
			targetProxy = E39668D72738C3A70070A4F9 /* PBXContainerItemProxy */;
		};
/* End PBXTargetDependency section */

/* Begin XCBuildConfiguration section */
		E39668E42738C3A70070A4F9 /* Debug */ = {
			isa = XCBuildConfiguration;
			buildSettings = {
				ALWAYS_SEARCH_USER_PATHS = NO;
				CLANG_ANALYZER_NONNULL = YES;
				CLANG_ANALYZER_NUMBER_OBJECT_CONVERSION = YES_AGGRESSIVE;
				CLANG_CXX_LANGUAGE_STANDARD = "gnu++17";
				CLANG_CXX_LIBRARY = "libc++";
				CLANG_ENABLE_MODULES = YES;
				CLANG_ENABLE_OBJC_ARC = YES;
				CLANG_ENABLE_OBJC_WEAK = YES;
				CLANG_WARN_BLOCK_CAPTURE_AUTORELEASING = YES;
				CLANG_WARN_BOOL_CONVERSION = YES;
				CLANG_WARN_COMMA = YES;
				CLANG_WARN_CONSTANT_CONVERSION = YES;
				CLANG_WARN_DEPRECATED_OBJC_IMPLEMENTATIONS = YES;
				CLANG_WARN_DIRECT_OBJC_ISA_USAGE = YES_ERROR;
				CLANG_WARN_DOCUMENTATION_COMMENTS = YES;
				CLANG_WARN_EMPTY_BODY = YES;
				CLANG_WARN_ENUM_CONVERSION = YES;
				CLANG_WARN_INFINITE_RECURSION = YES;
				CLANG_WARN_INT_CONVERSION = YES;
				CLANG_WARN_NON_LITERAL_NULL_CONVERSION = YES;
				CLANG_WARN_OBJC_IMPLICIT_RETAIN_SELF = YES;
				CLANG_WARN_OBJC_LITERAL_CONVERSION = YES;
				CLANG_WARN_OBJC_ROOT_CLASS = YES_ERROR;
				CLANG_WARN_QUOTED_INCLUDE_IN_FRAMEWORK_HEADER = YES;
				CLANG_WARN_RANGE_LOOP_ANALYSIS = YES;
				CLANG_WARN_STRICT_PROTOTYPES = YES;
				CLANG_WARN_SUSPICIOUS_MOVE = YES;
				CLANG_WARN_UNGUARDED_AVAILABILITY = YES_AGGRESSIVE;
				CLANG_WARN_UNREACHABLE_CODE = YES;
				CLANG_WARN__DUPLICATE_METHOD_MATCH = YES;
				COPY_PHASE_STRIP = NO;
				DEBUG_INFORMATION_FORMAT = dwarf;
				ENABLE_STRICT_OBJC_MSGSEND = YES;
				ENABLE_TESTABILITY = YES;
				GCC_C_LANGUAGE_STANDARD = gnu11;
				GCC_DYNAMIC_NO_PIC = NO;
				GCC_NO_COMMON_BLOCKS = YES;
				GCC_OPTIMIZATION_LEVEL = 0;
				GCC_PREPROCESSOR_DEFINITIONS = (
					"DEBUG=1",
					"$(inherited)",
				);
				GCC_WARN_64_TO_32_BIT_CONVERSION = YES;
				GCC_WARN_ABOUT_RETURN_TYPE = YES_ERROR;
				GCC_WARN_UNDECLARED_SELECTOR = YES;
				GCC_WARN_UNINITIALIZED_AUTOS = YES_AGGRESSIVE;
				GCC_WARN_UNUSED_FUNCTION = YES;
				GCC_WARN_UNUSED_VARIABLE = YES;
				MTL_ENABLE_DEBUG_INFO = INCLUDE_SOURCE;
				MTL_FAST_MATH = YES;
				ONLY_ACTIVE_ARCH = YES;
				SWIFT_ACTIVE_COMPILATION_CONDITIONS = DEBUG;
				SWIFT_OPTIMIZATION_LEVEL = "-Onone";
			};
			name = Debug;
		};
		E39668E52738C3A70070A4F9 /* Release */ = {
			isa = XCBuildConfiguration;
			buildSettings = {
				ALWAYS_SEARCH_USER_PATHS = NO;
				CLANG_ANALYZER_NONNULL = YES;
				CLANG_ANALYZER_NUMBER_OBJECT_CONVERSION = YES_AGGRESSIVE;
				CLANG_CXX_LANGUAGE_STANDARD = "gnu++17";
				CLANG_CXX_LIBRARY = "libc++";
				CLANG_ENABLE_MODULES = YES;
				CLANG_ENABLE_OBJC_ARC = YES;
				CLANG_ENABLE_OBJC_WEAK = YES;
				CLANG_WARN_BLOCK_CAPTURE_AUTORELEASING = YES;
				CLANG_WARN_BOOL_CONVERSION = YES;
				CLANG_WARN_COMMA = YES;
				CLANG_WARN_CONSTANT_CONVERSION = YES;
				CLANG_WARN_DEPRECATED_OBJC_IMPLEMENTATIONS = YES;
				CLANG_WARN_DIRECT_OBJC_ISA_USAGE = YES_ERROR;
				CLANG_WARN_DOCUMENTATION_COMMENTS = YES;
				CLANG_WARN_EMPTY_BODY = YES;
				CLANG_WARN_ENUM_CONVERSION = YES;
				CLANG_WARN_INFINITE_RECURSION = YES;
				CLANG_WARN_INT_CONVERSION = YES;
				CLANG_WARN_NON_LITERAL_NULL_CONVERSION = YES;
				CLANG_WARN_OBJC_IMPLICIT_RETAIN_SELF = YES;
				CLANG_WARN_OBJC_LITERAL_CONVERSION = YES;
				CLANG_WARN_OBJC_ROOT_CLASS = YES_ERROR;
				CLANG_WARN_QUOTED_INCLUDE_IN_FRAMEWORK_HEADER = YES;
				CLANG_WARN_RANGE_LOOP_ANALYSIS = YES;
				CLANG_WARN_STRICT_PROTOTYPES = YES;
				CLANG_WARN_SUSPICIOUS_MOVE = YES;
				CLANG_WARN_UNGUARDED_AVAILABILITY = YES_AGGRESSIVE;
				CLANG_WARN_UNREACHABLE_CODE = YES;
				CLANG_WARN__DUPLICATE_METHOD_MATCH = YES;
				COPY_PHASE_STRIP = NO;
				DEBUG_INFORMATION_FORMAT = "dwarf-with-dsym";
				ENABLE_NS_ASSERTIONS = NO;
				ENABLE_STRICT_OBJC_MSGSEND = YES;
				GCC_C_LANGUAGE_STANDARD = gnu11;
				GCC_NO_COMMON_BLOCKS = YES;
				GCC_WARN_64_TO_32_BIT_CONVERSION = YES;
				GCC_WARN_ABOUT_RETURN_TYPE = YES_ERROR;
				GCC_WARN_UNDECLARED_SELECTOR = YES;
				GCC_WARN_UNINITIALIZED_AUTOS = YES_AGGRESSIVE;
				GCC_WARN_UNUSED_FUNCTION = YES;
				GCC_WARN_UNUSED_VARIABLE = YES;
				MTL_ENABLE_DEBUG_INFO = NO;
				MTL_FAST_MATH = YES;
				SWIFT_COMPILATION_MODE = wholemodule;
				SWIFT_OPTIMIZATION_LEVEL = "-O";
			};
			name = Release;
		};
		E39668E72738C3A70070A4F9 /* Debug */ = {
			isa = XCBuildConfiguration;
			buildSettings = {
				ASSETCATALOG_COMPILER_APPICON_NAME = AppIcon;
				ASSETCATALOG_COMPILER_GLOBAL_ACCENT_COLOR_NAME = AccentColor;
				CODE_SIGN_STYLE = Automatic;
				CURRENT_PROJECT_VERSION = 1;
				ENABLE_PREVIEWS = YES;
				GENERATE_INFOPLIST_FILE = YES;
				INFOPLIST_KEY_UIApplicationSceneManifest_Generation = YES;
				INFOPLIST_KEY_UIApplicationSupportsIndirectInputEvents = YES;
				INFOPLIST_KEY_UILaunchScreen_Generation = YES;
				INFOPLIST_KEY_UISupportedInterfaceOrientations_iPad = "UIInterfaceOrientationPortrait UIInterfaceOrientationPortraitUpsideDown UIInterfaceOrientationLandscapeLeft UIInterfaceOrientationLandscapeRight";
				INFOPLIST_KEY_UISupportedInterfaceOrientations_iPhone = "UIInterfaceOrientationPortrait UIInterfaceOrientationLandscapeLeft UIInterfaceOrientationLandscapeRight";
				IPHONEOS_DEPLOYMENT_TARGET = 15.0;
				LD_RUNPATH_SEARCH_PATHS = (
					"$(inherited)",
					"@executable_path/Frameworks",
				);
				MARKETING_VERSION = 1.0;
				PRODUCT_BUNDLE_IDENTIFIER = "SOASecure.blockchain-specific";
				PRODUCT_NAME = "blockchain-specific";
				SDKROOT = iphoneos;
				SWIFT_EMIT_LOC_STRINGS = YES;
				SWIFT_VERSION = 5.0;
				TARGETED_DEVICE_FAMILY = "1,2";
			};
			name = Debug;
		};
		E39668E82738C3A70070A4F9 /* Release */ = {
			isa = XCBuildConfiguration;
			buildSettings = {
				ASSETCATALOG_COMPILER_APPICON_NAME = AppIcon;
				ASSETCATALOG_COMPILER_GLOBAL_ACCENT_COLOR_NAME = AccentColor;
				CODE_SIGN_STYLE = Automatic;
				CURRENT_PROJECT_VERSION = 1;
				ENABLE_PREVIEWS = YES;
				GENERATE_INFOPLIST_FILE = YES;
				INFOPLIST_KEY_UIApplicationSceneManifest_Generation = YES;
				INFOPLIST_KEY_UIApplicationSupportsIndirectInputEvents = YES;
				INFOPLIST_KEY_UILaunchScreen_Generation = YES;
				INFOPLIST_KEY_UISupportedInterfaceOrientations_iPad = "UIInterfaceOrientationPortrait UIInterfaceOrientationPortraitUpsideDown UIInterfaceOrientationLandscapeLeft UIInterfaceOrientationLandscapeRight";
				INFOPLIST_KEY_UISupportedInterfaceOrientations_iPhone = "UIInterfaceOrientationPortrait UIInterfaceOrientationLandscapeLeft UIInterfaceOrientationLandscapeRight";
				IPHONEOS_DEPLOYMENT_TARGET = 15.0;
				LD_RUNPATH_SEARCH_PATHS = (
					"$(inherited)",
					"@executable_path/Frameworks",
				);
				MARKETING_VERSION = 1.0;
				PRODUCT_BUNDLE_IDENTIFIER = "SOASecure.blockchain-specific";
				PRODUCT_NAME = "blockchain-specific";
				SDKROOT = iphoneos;
				SWIFT_EMIT_LOC_STRINGS = YES;
				SWIFT_VERSION = 5.0;
				TARGETED_DEVICE_FAMILY = "1,2";
				VALIDATE_PRODUCT = YES;
			};
			name = Release;
		};
		E39668EA2738C3A70070A4F9 /* Debug */ = {
			isa = XCBuildConfiguration;
			buildSettings = {
				ASSETCATALOG_COMPILER_APPICON_NAME = AppIcon;
				ASSETCATALOG_COMPILER_GLOBAL_ACCENT_COLOR_NAME = AccentColor;
				CODE_SIGN_ENTITLEMENTS = macOS/macOS.entitlements;
				CODE_SIGN_STYLE = Automatic;
				COMBINE_HIDPI_IMAGES = YES;
				CURRENT_PROJECT_VERSION = 1;
				ENABLE_PREVIEWS = YES;
				GENERATE_INFOPLIST_FILE = YES;
				INFOPLIST_KEY_NSHumanReadableCopyright = "";
				LD_RUNPATH_SEARCH_PATHS = (
					"$(inherited)",
					"@executable_path/../Frameworks",
				);
				MACOSX_DEPLOYMENT_TARGET = 12.0;
				MARKETING_VERSION = 1.0;
				PRODUCT_BUNDLE_IDENTIFIER = "SOASecure.blockchain-specific";
				PRODUCT_NAME = "blockchain-specific";
				SDKROOT = macosx;
				SWIFT_EMIT_LOC_STRINGS = YES;
				SWIFT_VERSION = 5.0;
			};
			name = Debug;
		};
		E39668EB2738C3A70070A4F9 /* Release */ = {
			isa = XCBuildConfiguration;
			buildSettings = {
				ASSETCATALOG_COMPILER_APPICON_NAME = AppIcon;
				ASSETCATALOG_COMPILER_GLOBAL_ACCENT_COLOR_NAME = AccentColor;
				CODE_SIGN_ENTITLEMENTS = macOS/macOS.entitlements;
				CODE_SIGN_STYLE = Automatic;
				COMBINE_HIDPI_IMAGES = YES;
				CURRENT_PROJECT_VERSION = 1;
				ENABLE_PREVIEWS = YES;
				GENERATE_INFOPLIST_FILE = YES;
				INFOPLIST_KEY_NSHumanReadableCopyright = "";
				LD_RUNPATH_SEARCH_PATHS = (
					"$(inherited)",
					"@executable_path/../Frameworks",
				);
				MACOSX_DEPLOYMENT_TARGET = 12.0;
				MARKETING_VERSION = 1.0;
				PRODUCT_BUNDLE_IDENTIFIER = "SOASecure.blockchain-specific";
				PRODUCT_NAME = "blockchain-specific";
				SDKROOT = macosx;
				SWIFT_EMIT_LOC_STRINGS = YES;
				SWIFT_VERSION = 5.0;
			};
			name = Release;
		};
		E39668ED2738C3A70070A4F9 /* Debug */ = {
			isa = XCBuildConfiguration;
			buildSettings = {
				ALWAYS_EMBED_SWIFT_STANDARD_LIBRARIES = YES;
				CODE_SIGN_STYLE = Automatic;
				CURRENT_PROJECT_VERSION = 1;
				GENERATE_INFOPLIST_FILE = YES;
				IPHONEOS_DEPLOYMENT_TARGET = 15.0;
				LD_RUNPATH_SEARCH_PATHS = (
					"$(inherited)",
					"@executable_path/Frameworks",
					"@loader_path/Frameworks",
				);
				MARKETING_VERSION = 1.0;
				PRODUCT_BUNDLE_IDENTIFIER = "SOASecure.Tests-iOS";
				PRODUCT_NAME = "$(TARGET_NAME)";
				SDKROOT = iphoneos;
				SWIFT_EMIT_LOC_STRINGS = NO;
				SWIFT_VERSION = 5.0;
				TARGETED_DEVICE_FAMILY = "1,2";
				TEST_TARGET_NAME = "blockchain-specific (iOS)";
			};
			name = Debug;
		};
		E39668EE2738C3A70070A4F9 /* Release */ = {
			isa = XCBuildConfiguration;
			buildSettings = {
				ALWAYS_EMBED_SWIFT_STANDARD_LIBRARIES = YES;
				CODE_SIGN_STYLE = Automatic;
				CURRENT_PROJECT_VERSION = 1;
				GENERATE_INFOPLIST_FILE = YES;
				IPHONEOS_DEPLOYMENT_TARGET = 15.0;
				LD_RUNPATH_SEARCH_PATHS = (
					"$(inherited)",
					"@executable_path/Frameworks",
					"@loader_path/Frameworks",
				);
				MARKETING_VERSION = 1.0;
				PRODUCT_BUNDLE_IDENTIFIER = "SOASecure.Tests-iOS";
				PRODUCT_NAME = "$(TARGET_NAME)";
				SDKROOT = iphoneos;
				SWIFT_EMIT_LOC_STRINGS = NO;
				SWIFT_VERSION = 5.0;
				TARGETED_DEVICE_FAMILY = "1,2";
				TEST_TARGET_NAME = "blockchain-specific (iOS)";
				VALIDATE_PRODUCT = YES;
			};
			name = Release;
		};
		E39668F02738C3A70070A4F9 /* Debug */ = {
			isa = XCBuildConfiguration;
			buildSettings = {
				ALWAYS_EMBED_SWIFT_STANDARD_LIBRARIES = YES;
				CODE_SIGN_STYLE = Automatic;
				COMBINE_HIDPI_IMAGES = YES;
				CURRENT_PROJECT_VERSION = 1;
				GENERATE_INFOPLIST_FILE = YES;
				LD_RUNPATH_SEARCH_PATHS = (
					"$(inherited)",
					"@executable_path/../Frameworks",
					"@loader_path/../Frameworks",
				);
				MACOSX_DEPLOYMENT_TARGET = 12.0;
				MARKETING_VERSION = 1.0;
				PRODUCT_BUNDLE_IDENTIFIER = "SOASecure.Tests-macOS";
				PRODUCT_NAME = "$(TARGET_NAME)";
				SDKROOT = macosx;
				SWIFT_EMIT_LOC_STRINGS = NO;
				SWIFT_VERSION = 5.0;
				TEST_TARGET_NAME = "blockchain-specific (macOS)";
			};
			name = Debug;
		};
		E39668F12738C3A70070A4F9 /* Release */ = {
			isa = XCBuildConfiguration;
			buildSettings = {
				ALWAYS_EMBED_SWIFT_STANDARD_LIBRARIES = YES;
				CODE_SIGN_STYLE = Automatic;
				COMBINE_HIDPI_IMAGES = YES;
				CURRENT_PROJECT_VERSION = 1;
				GENERATE_INFOPLIST_FILE = YES;
				LD_RUNPATH_SEARCH_PATHS = (
					"$(inherited)",
					"@executable_path/../Frameworks",
					"@loader_path/../Frameworks",
				);
				MACOSX_DEPLOYMENT_TARGET = 12.0;
				MARKETING_VERSION = 1.0;
				PRODUCT_BUNDLE_IDENTIFIER = "SOASecure.Tests-macOS";
				PRODUCT_NAME = "$(TARGET_NAME)";
				SDKROOT = macosx;
				SWIFT_EMIT_LOC_STRINGS = NO;
				SWIFT_VERSION = 5.0;
				TEST_TARGET_NAME = "blockchain-specific (macOS)";
			};
			name = Release;
		};
/* End XCBuildConfiguration section */

/* Begin XCConfigurationList section */
		E39668B42738C3A50070A4F9 /* Build configuration list for PBXProject "blockchain-specific" */ = {
			isa = XCConfigurationList;
			buildConfigurations = (
				E39668E42738C3A70070A4F9 /* Debug */,
				E39668E52738C3A70070A4F9 /* Release */,
			);
			defaultConfigurationIsVisible = 0;
			defaultConfigurationName = Release;
		};
		E39668E62738C3A70070A4F9 /* Build configuration list for PBXNativeTarget "blockchain-specific (iOS)" */ = {
			isa = XCConfigurationList;
			buildConfigurations = (
				E39668E72738C3A70070A4F9 /* Debug */,
				E39668E82738C3A70070A4F9 /* Release */,
			);
			defaultConfigurationIsVisible = 0;
			defaultConfigurationName = Release;
		};
		E39668E92738C3A70070A4F9 /* Build configuration list for PBXNativeTarget "blockchain-specific (macOS)" */ = {
			isa = XCConfigurationList;
			buildConfigurations = (
				E39668EA2738C3A70070A4F9 /* Debug */,
				E39668EB2738C3A70070A4F9 /* Release */,
			);
			defaultConfigurationIsVisible = 0;
			defaultConfigurationName = Release;
		};
		E39668EC2738C3A70070A4F9 /* Build configuration list for PBXNativeTarget "Tests iOS" */ = {
			isa = XCConfigurationList;
			buildConfigurations = (
				E39668ED2738C3A70070A4F9 /* Debug */,
				E39668EE2738C3A70070A4F9 /* Release */,
			);
			defaultConfigurationIsVisible = 0;
			defaultConfigurationName = Release;
		};
		E39668EF2738C3A70070A4F9 /* Build configuration list for PBXNativeTarget "Tests macOS" */ = {
			isa = XCConfigurationList;
			buildConfigurations = (
				E39668F02738C3A70070A4F9 /* Debug */,
				E39668F12738C3A70070A4F9 /* Release */,
			);
			defaultConfigurationIsVisible = 0;
			defaultConfigurationName = Release;
		};
/* End XCConfigurationList section */
	};
	rootObject = E39668B12738C3A50070A4F9 /* Project object */;
}
